
Microsoft Visual Studio Solution File, Format Version 12.00
# Visual Studio Version 16
VisualStudioVersion = 16.0.28803.452
MinimumVisualStudioVersion = 10.0.40219.1
Project("{FAE04EC0-301F-11D3-BF4B-00C04F79EFBC}") = "primenumbers", "primenumbers\primenumbers.csproj", "{D3A8AF25-810A-46AB-B44C-BC28E40B075B}"
EndProject
Global
	GlobalSection(SolutionConfigurationPlatforms) = preSolution
		Debug|Any CPU = Debug|Any CPU
		Release|Any CPU = Release|Any CPU
	EndGlobalSection
	GlobalSection(ProjectConfigurationPlatforms) = postSolution
		{D3A8AF25-810A-46AB-B44C-BC28E40B075B}.Debug|Any CPU.ActiveCfg = Debug|Any CPU
		{D3A8AF25-810A-46AB-B44C-BC28E40B075B}.Debug|Any CPU.Build.0 = Debug|Any CPU
		{D3A8AF25-810A-46AB-B44C-BC28E40B075B}.Release|Any CPU.ActiveCfg = Release|Any CPU
		{D3A8AF25-810A-46AB-B44C-BC28E40B075B}.Release|Any CPU.Build.0 = Release|Any CPU
	EndGlobalSection
	GlobalSection(SolutionProperties) = preSolution
		HideSolutionNode = FALSE
	EndGlobalSection
	GlobalSection(ExtensibilityGlobals) = postSolution
		SolutionGuid = {919F7CC7-EC6E-43C3-BB8A-A3C12BC3AE27}
	EndGlobalSection
EndGlobal
