
Microsoft Visual Studio Solution File, Format Version 12.00
# Visual Studio Version 16
VisualStudioVersion = 16.0.28803.452
MinimumVisualStudioVersion = 10.0.40219.1
Project("{FAE04EC0-301F-11D3-BF4B-00C04F79EFBC}") = "winform1", "winform1\winform1.csproj", "{6258CCE2-20AE-4EF4-B9E2-82E069CD4643}"
EndProject
Project("{2150E333-8FDC-42A3-9474-1A3956D46DE8}") = "Solution Items", "Solution Items", "{2899574C-3B13-48DA-A11C-5F176B0EF482}"
	ProjectSection(SolutionItems) = preProject
		README.md = README.md
	EndProjectSection
EndProject
Global
	GlobalSection(SolutionConfigurationPlatforms) = preSolution
		Debug|Any CPU = Debug|Any CPU
		Release|Any CPU = Release|Any CPU
	EndGlobalSection
	GlobalSection(ProjectConfigurationPlatforms) = postSolution
		{6258CCE2-20AE-4EF4-B9E2-82E069CD4643}.Debug|Any CPU.ActiveCfg = Debug|Any CPU
		{6258CCE2-20AE-4EF4-B9E2-82E069CD4643}.Debug|Any CPU.Build.0 = Debug|Any CPU
		{6258CCE2-20AE-4EF4-B9E2-82E069CD4643}.Release|Any CPU.ActiveCfg = Release|Any CPU
		{6258CCE2-20AE-4EF4-B9E2-82E069CD4643}.Release|Any CPU.Build.0 = Release|Any CPU
	EndGlobalSection
	GlobalSection(SolutionProperties) = preSolution
		HideSolutionNode = FALSE
	EndGlobalSection
	GlobalSection(ExtensibilityGlobals) = postSolution
		SolutionGuid = {F037259F-2A2E-4834-9B70-B1F330241CC0}
	EndGlobalSection
EndGlobal
